<?xml version="1.0" encoding="utf-8"?>
<Project ToolsVersion="15.0" xmlns="http://schemas.microsoft.com/developer/msbuild/2003">
  <ItemGroup>
    <Filter Include="Shader Files">
      <UniqueIdentifier>{d3458047-8417-3841-b89c-02df0f4987fd}</UniqueIdentifier>
      <Extensions>gsh;csh;vsh;psh;fsh;glsl;hlsl</Extensions>
    </Filter>
    <Filter Include="Shader Files\Resources">
      <UniqueIdentifier>{ec14ba79-da8b-3239-a1e7-9ff10ed0ac13}</UniqueIdentifier>
    </Filter>
    <Filter Include="Source Files">
      <UniqueIdentifier>{6fa7b939-61b5-32ff-92fa-7930b39b923b}</UniqueIdentifier>
      <Extensions>cpp;c;cc;cxx;def;odl;idl;hpj;bat;asm;asmx</Extensions>
    </Filter>
    <Filter Include="Source Files\Player">
      <UniqueIdentifier>{98854bd7-f0ac-4862-b098-27196e18ac59}</UniqueIdentifier>
    </Filter>
    <Filter Include="Source Files\Objects">
      <UniqueIdentifier>{7e8c96f9-a746-4b12-bb3f-9a0085cb272e}</UniqueIdentifier>
    </Filter>
  </ItemGroup>
  <ItemGroup>
    <ClCompile Include="GfxPrimitiveRenderer.cpp">
      <Filter>Source Files</Filter>
    </ClCompile>
    <ClCompile Include="NpadController.cpp">
      <Filter>Source Files</Filter>
    </ClCompile>
    <ClCompile Include="Circle.cpp">
      <Filter>Source Files\Objects</Filter>
    </ClCompile>
    <ClCompile Include="Rectangle.cpp">
      <Filter>Source Files\Objects</Filter>
    </ClCompile>
    <ClCompile Include="Player.cpp">
      <Filter>Source Files\Player</Filter>
    </ClCompile>
  </ItemGroup>
  <ItemGroup>
    <None Include="Common.fsid" />
  </ItemGroup>
  <ItemGroup>
    <ClInclude Include="NpadController.h" />
    <ClInclude Include="Circle.h">
      <Filter>Source Files\Objects</Filter>
    </ClInclude>
    <ClInclude Include="Rectangle.h">
      <Filter>Source Files\Objects</Filter>
    </ClInclude>
    <ClInclude Include="Player.h">
      <Filter>Source Files\Player</Filter>
    </ClInclude>
  </ItemGroup>
  <ItemGroup>
    <None Include="Resources\MosaicPixelShader.glsl">
      <Filter>Shader Files\Resources</Filter>
    </None>
    <None Include="Resources\ShadingPixelShader.glsl">
      <Filter>Shader Files\Resources</Filter>
    </None>
    <None Include="Resources\ShadingTexPixelShader.glsl">
      <Filter>Shader Files\Resources</Filter>
    </None>
  </ItemGroup>
</Project>